PODS:
  - ActionSheetPicker-3.0 (2.3.0)
  - Alamofire (4.7.2)
  - Differentiator (3.1.0)
  - MBProgressHUD (1.1.0)
  - MGAPIService (0.1.6):
    - ObjectMapper (~> 3.3)
    - RxAlamofire (~> 4.2)
    - RxSwift (~> 4.1)
  - MJRefresh (3.1.0)
  - "NSObject+Rx (4.3.0)":
    - RxSwift (~> 4.0)
  - ObjectMapper (3.3.0)
  - OrderedSet (3.0.0)
  - Reusable (4.0.0):
    - Reusable/Storyboard (= 4.0.0)
    - Reusable/View (= 4.0.0)
  - Reusable/Storyboard (4.0.0)
  - Reusable/View (4.0.0)
  - RxAlamofire (4.2.0):
    - RxAlamofire/Core (= 4.2.0)
  - RxAlamofire/Core (4.2.0):
    - Alamofire (~> 4.5)
    - RxSwift (~> 4)
  - RxBlocking (4.1.0):
    - RxSwift (~> 4.0)
  - RxCocoa (4.1.0):
    - RxSwift (~> 4.0)
  - RxDataSources (3.0.0):
    - Differentiator (~> 3.0)
    - RxCocoa (~> 4.0)
    - RxSwift (~> 4.0)
  - RxSwift (4.1.0)
  - SDWebImage (4.4.0):
    - SDWebImage/Core (= 4.4.0)
  - SDWebImage/Core (4.4.0)
  - Then (2.3.0)
  - Validator (3.0.2)

DEPENDENCIES:
  - ActionSheetPicker-3.0 (= 2.3)
  - MBProgressHUD (= 1.1)
  - MGAPIService (= 0.1.6)
  - MJRefresh (= 3.1)
  - "NSObject+Rx (= 4.3)"
  - ObjectMapper (= 3.3)
  - OrderedSet (= 3.0)
  - Reusable (= 4.0)
  - RxAlamofire (= 4.2)
  - RxBlocking (= 4.1)
  - RxCocoa (= 4.1)
  - RxDataSources (= 3.0)
  - RxSwift (= 4.1)
  - SDWebImage (= 4.4)
  - Then (= 2.3)
  - Validator (= 3.0.2)

SPEC REPOS:
  https://github.com/cocoapods/specs.git:
    - ActionSheetPicker-3.0
    - Alamofire
    - Differentiator
    - MBProgressHUD
    - MJRefresh
    - "NSObject+Rx"
    - ObjectMapper
    - OrderedSet
    - Reusable
    - RxAlamofire
    - RxBlocking
    - RxCocoa
    - RxDataSources
    - RxSwift
    - SDWebImage
    - Then
    - Validator
  https://github.com/tuan188/MGPodSpecs:
    - MGAPIService

SPEC CHECKSUMS:
  ActionSheetPicker-3.0: eef157d75e151f255c5333d26656c7fbfe905a51
  Alamofire: e4fa87002c137ba2d8d634d2c51fabcda0d5c223
  Differentiator: be49ca3408f0ecfc761e4c7763d20c62be01b9ad
  MBProgressHUD: e7baa36a220447d8aeb12769bf0585582f3866d9
  MGAPIService: 483c5a28255c3ded04ac7b6be40fe7fe48ffd681
  MJRefresh: 743e6404967d1c2c688472ea3ecfde247d872db4
  "NSObject+Rx": 9a5eeff5e08156f849fa973514456f28eef08742
  ObjectMapper: b612bf8c8e99c4dc0bb6013a51f7c27966ed5da9
  OrderedSet: b990e16dcf6b79f1d3826b996b1eb613c696eec0
  Reusable: 98e5fff1e0e2e00872199699b276dde08ee56c07
  RxAlamofire: 87a9c588541210cc3e4a1f843ccc3ecf3eb98b31
  RxBlocking: 193d33fad26f00a4e60831481938486deaaaa200
  RxCocoa: cc1fec49cdc8fabe645964de7c51c099a36c2aa8
  RxDataSources: 5a5ad827b6ad91730bb4b3ed87739f28a7be3d84
  RxSwift: 4219941c1244c88002901bd87a69d3aea9ae71f0
  SDWebImage: b534502786e43dde36dfcaee89356fe6df30e203
  Then: ee21c97b85ff6062b9b0080c9abb1eea46743345
  Validator: bf211c1d71b3f910d230c09c70e62429d0fef63a

PODFILE CHECKSUM: a3a96d1d70c39d7380ea0c25e7037055f04de302

COCOAPODS: 1.5.3
