PODS:
  - Alamofire (5.2.2)
  - Dto (0.1.0):
    - ValidatedPropertyKit (~> 0.0.4)
  - ESPullToRefresh (2.9.3)
  - MagicalRecord (2.3.0)
  - MBProgressHUD (1.2.0)
  - MGAPIService (3.0.0):
    - ObjectMapper (~> 4.2)
    - RxAlamofire (~> 5.6)
    - RxSwift (~> 5.1)
  - MGArchitecture (2.0.2):
    - RxCocoa (~> 5.1)
    - RxSwift (~> 5.1)
  - MGLoadMore (3.0.2):
    - ESPullToRefresh (~> 2.9)
    - RxCocoa (~> 5.1)
    - RxSwift (~> 5.1)
  - ObjectMapper (4.2.0)
  - Reusable (4.1.1):
    - Reusable/Storyboard (= 4.1.1)
    - Reusable/View (= 4.1.1)
  - Reusable/Storyboard (4.1.1)
  - Reusable/View (4.1.1)
  - RxAlamofire (5.6.1):
    - RxAlamofire/Core (= 5.6.1)
  - RxAlamofire/Core (5.6.1):
    - Alamofire (~> 5.2)
    - RxSwift (~> 5.1)
  - RxCocoa (5.1.1):
    - RxRelay (~> 5)
    - RxSwift (~> 5)
  - RxRelay (5.1.1):
    - RxSwift (~> 5)
  - RxSwift (5.1.1)
  - RxTest (5.1.1):
    - RxSwift (~> 5)
  - RxViewController (1.0.0):
    - RxCocoa (~> 5.0)
    - RxSwift (~> 5.0)
  - SDWebImage (5.8.3):
    - SDWebImage/Core (= 5.8.3)
  - SDWebImage/Core (5.8.3)
  - Then (2.7.0)
  - ValidatedPropertyKit (0.0.4)

DEPENDENCIES:
  - Dto
  - MagicalRecord (= 2.3.0)
  - MBProgressHUD (~> 1.2)
  - MGAPIService (~> 3.0.0)
  - MGArchitecture (~> 2.0.2)
  - MGLoadMore (~> 3.0.2)
  - Reusable (~> 4.1)
  - RxTest (~> 5.1)
  - RxViewController
  - SDWebImage (~> 5.8.3)
  - Then (~> 2.7)

SPEC REPOS:
  trunk:
    - Alamofire
    - Dto
    - ESPullToRefresh
    - MagicalRecord
    - MBProgressHUD
    - MGAPIService
    - MGArchitecture
    - MGLoadMore
    - ObjectMapper
    - Reusable
    - RxAlamofire
    - RxCocoa
    - RxRelay
    - RxSwift
    - RxTest
    - RxViewController
    - SDWebImage
    - Then
    - ValidatedPropertyKit

SPEC CHECKSUMS:
  Alamofire: 814429acc853c6c54ff123fc3d2ef66803823ce0
  Dto: a17939b7ab00e836040a531a42f517ce7fd527aa
  ESPullToRefresh: 0d68daa602b343c81753a1b95e09fd0bfcddfd40
  MagicalRecord: 89eb7d7ead39fb37f01c3d010665ee94d17f8dba
  MBProgressHUD: 3ee5efcc380f6a79a7cc9b363dd669c5e1ae7406
  MGAPIService: 83684387a742af98b944f5badfa566cc2e146318
  MGArchitecture: 122eacece9de8cbb3576af1329aa7c76118e47b7
  MGLoadMore: c43a39da03c2ac7697f6c3fa1812681f7f751f25
  ObjectMapper: 1eb41f610210777375fa806bf161dc39fb832b81
  Reusable: 53a9acf5c536f229b31b5865782414b508252ddb
  RxAlamofire: 0531dddf378c84270e97e897333678f1cfaec3ba
  RxCocoa: 32065309a38d29b5b0db858819b5bf9ef038b601
  RxRelay: d77f7d771495f43c556cbc43eebd1bb54d01e8e9
  RxSwift: 81470a2074fa8780320ea5fe4102807cb7118178
  RxTest: 711632d5644dffbeb62c936a521b5b008a1e1faa
  RxViewController: 7330a46e5c31cd680db169da4c9fc8676e975a81
  SDWebImage: 112503ec94a5a2a41869503844a15e8d8f1ead5c
  Then: acfe0be7e98221c6204e12f8161459606d5d822d
  ValidatedPropertyKit: 599b32854be66b3eea55c0ad7aa22c52cba4b997

PODFILE CHECKSUM: 3d83a03fe74f3a7dd51d0c717924a147d277e008

COCOAPODS: 1.11.3
