{
  "pins" : [
    {
      "identity" : "alamofire",
      "kind" : "remoteSourceControl",
      "location" : "https://github.com/Alamofire/Alamofire.git",
      "state" : {
        "revision" : "3dc6a42c7727c49bf26508e29b0a0b35f9c7e1ad",
        "version" : "5.8.1"
      }
    },
    {
      "identity" : "dto",
      "kind" : "remoteSourceControl",
      "location" : "https://github.com/tuan188/Dto",
      "state" : {
        "revision" : "4c70b4b9515c687e92c6d6779ed05d0845a57c04",
        "version" : "0.2.0"
      }
    },
    {
      "identity" : "mbprogresshud",
      "kind" : "remoteSourceControl",
      "location" : "https://github.com/jdg/MBProgressHUD",
      "state" : {
        "revision" : "bca42b801100b2b3a4eda0ba8dd33d858c780b0d",
        "version" : "1.2.0"
      }
    },
    {
      "identity" : "mgapiservice",
      "kind" : "remoteSourceControl",
      "location" : "https://github.com/tuan188/MGAPIService",
      "state" : {
        "revision" : "15cdea4840647df4e667c26f80571f0ff0750b49",
        "version" : "3.0.0"
      }
    },
    {
      "identity" : "mgarchitecture",
      "kind" : "remoteSourceControl",
      "location" : "https://github.com/tuan188/MGArchitecture",
      "state" : {
        "revision" : "525a3302b4747a6a813bc8fc3f2d5a92ce3c01b1",
        "version" : "2.0.2"
      }
    },
    {
      "identity" : "mgloadmore",
      "kind" : "remoteSourceControl",
      "location" : "https://github.com/tuan188/MGLoadMore",
      "state" : {
        "revision" : "959af174dea74d087c2d0a48608f8694c998dc55",
        "version" : "3.0.2"
      }
    },
    {
      "identity" : "objectmapper",
      "kind" : "remoteSourceControl",
      "location" : "https://github.com/tristanhimmelman/ObjectMapper.git",
      "state" : {
        "revision" : "0b96a734de3ea1c87374ae677064f86adb0716ec",
        "version" : "4.2.0"
      }
    },
    {
      "identity" : "ohhttpstubs",
      "kind" : "remoteSourceControl",
      "location" : "https://github.com/AliSoftware/OHHTTPStubs.git",
      "state" : {
        "revision" : "12f19662426d0434d6c330c6974d53e2eb10ecd9",
        "version" : "9.1.0"
      }
    },
    {
      "identity" : "pull-to-refresh",
      "kind" : "remoteSourceControl",
      "location" : "https://github.com/eggswift/pull-to-refresh",
      "state" : {
        "revision" : "a858aaeb44abc6428af916e8496429d244fac053",
        "version" : "2.9.3"
      }
    },
    {
      "identity" : "reusable",
      "kind" : "remoteSourceControl",
      "location" : "https://github.com/AliSoftware/Reusable",
      "state" : {
        "revision" : "18674709421360e210c2ecd4e8e08b217d4ea61d",
        "version" : "4.1.2"
      }
    },
    {
      "identity" : "rxalamofire",
      "kind" : "remoteSourceControl",
      "location" : "https://github.com/RxSwiftCommunity/RxAlamofire.git",
      "state" : {
        "revision" : "16858a7955ff8bc3caa51212fd7624f168586773",
        "version" : "5.7.1"
      }
    },
    {
      "identity" : "rxswift",
      "kind" : "remoteSourceControl",
      "location" : "https://github.com/ReactiveX/RxSwift",
      "state" : {
        "revision" : "c1bd31b397d87a54467af4161dde9d6b27720c19",
        "version" : "5.1.0"
      }
    },
    {
      "identity" : "sdwebimage",
      "kind" : "remoteSourceControl",
      "location" : "https://github.com/SDWebImage/SDWebImage",
      "state" : {
        "revision" : "59730af512c06fb569c119d737df4c1c499e001d",
        "version" : "5.18.10"
      }
    },
    {
      "identity" : "then",
      "kind" : "remoteSourceControl",
      "location" : "https://github.com/devxoul/Then",
      "state" : {
        "revision" : "d41ef523faef0f911369f79c0b96815d9dbb6d7a",
        "version" : "3.0.0"
      }
    },
    {
      "identity" : "validatedpropertykit",
      "kind" : "remoteSourceControl",
      "location" : "https://github.com/SvenTiigi/ValidatedPropertyKit",
      "state" : {
        "revision" : "760c3c708e88c5e3c113e3a4dc26324ebaf351f7",
        "version" : "0.0.4"
      }
    }
  ],
  "version" : 2
}
